
Microsoft Visual Studio Solution File, Format Version 12.00
# Visual Studio Version 17
VisualStudioVersion = 17.0.31919.166
MinimumVisualStudioVersion = 10.0.40219.1
Project("{FAE04EC0-301F-11D3-BF4B-00C04F79EFBC}") = "exercises", "exercises\exercises.csproj", "{86CE15AE-D63D-4947-A00D-0EB0FBFAC092}"
EndProject
Global
	GlobalSection(SolutionConfigurationPlatforms) = preSolution
		Debug|Any CPU = Debug|Any CPU
		Release|Any CPU = Release|Any CPU
	EndGlobalSection
	GlobalSection(ProjectConfigurationPlatforms) = postSolution
		{86CE15AE-D63D-4947-A00D-0EB0FBFAC092}.Debug|Any CPU.ActiveCfg = Debug|Any CPU
		{86CE15AE-D63D-4947-A00D-0EB0FBFAC092}.Debug|Any CPU.Build.0 = Debug|Any CPU
		{86CE15AE-D63D-4947-A00D-0EB0FBFAC092}.Release|Any CPU.ActiveCfg = Release|Any CPU
		{86CE15AE-D63D-4947-A00D-0EB0FBFAC092}.Release|Any CPU.Build.0 = Release|Any CPU
	EndGlobalSection
	GlobalSection(SolutionProperties) = preSolution
		HideSolutionNode = FALSE
	EndGlobalSection
	GlobalSection(ExtensibilityGlobals) = postSolution
		SolutionGuid = {FE4CB987-C33C-4EFC-9B39-EA8BCA03D979}
	EndGlobalSection
EndGlobal
